
Microsoft Visual Studio Solution File, Format Version 12.00
# Visual Studio 2012
Project("{FAE04EC0-301F-11D3-BF4B-00C04F79EFBC}") = "BankAccount", "BankAccount\BankAccount.csproj", "{A50D714B-A00E-4A47-BD67-834822ED7B3A}"
EndProject
Global
	GlobalSection(SolutionConfigurationPlatforms) = preSolution
		Debug|x86 = Debug|x86
		Release|x86 = Release|x86
	EndGlobalSection
	GlobalSection(ProjectConfigurationPlatforms) = postSolution
		{A50D714B-A00E-4A47-BD67-834822ED7B3A}.Debug|x86.ActiveCfg = Debug|x86
		{A50D714B-A00E-4A47-BD67-834822ED7B3A}.Debug|x86.Build.0 = Debug|x86
		{A50D714B-A00E-4A47-BD67-834822ED7B3A}.Release|x86.ActiveCfg = Release|x86
		{A50D714B-A00E-4A47-BD67-834822ED7B3A}.Release|x86.Build.0 = Release|x86
	EndGlobalSection
	GlobalSection(MonoDevelopProperties) = preSolution
		StartupItem = BankAccount\BankAccount.csproj
	EndGlobalSection
EndGlobal
